<?xml version="1.0" encoding="utf-8"?>
<Project ToolsVersion="4.0" xmlns="http://schemas.microsoft.com/developer/msbuild/2003">
  <ItemGroup>
    <Filter Include="Source Files">
      <UniqueIdentifier>{4FC737F1-C7A5-4376-A066-2A32D752A2FF}</UniqueIdentifier>
      <Extensions>cpp;c;cc;cxx;c++;cppm;ixx;def;odl;idl;hpj;bat;asm;asmx</Extensions>
    </Filter>
    <Filter Include="Game Engine">
      <UniqueIdentifier>{dc39e9e3-8156-49d7-9f75-84e00e73fbcd}</UniqueIdentifier>
    </Filter>
    <Filter Include="Game Interface">
      <UniqueIdentifier>{4e6f2bcc-9dec-4f1c-90b0-0c5af090dccb}</UniqueIdentifier>
    </Filter>
    <Filter Include="Game Engine\Source Files">
      <UniqueIdentifier>{37319839-114a-4497-9ab4-c1e921167f37}</UniqueIdentifier>
    </Filter>
    <Filter Include="Game Engine\Header Files">
      <UniqueIdentifier>{590853c3-888c-483a-8f62-8f16cd35ec72}</UniqueIdentifier>
    </Filter>
    <Filter Include="Game Interface\Source Files">
      <UniqueIdentifier>{25d7e5a1-fcfa-4ca9-a502-35abf852ccd1}</UniqueIdentifier>
    </Filter>
    <Filter Include="Game Interface\Header Files">
      <UniqueIdentifier>{b685daf9-c132-421d-bf0d-0b56a4a1fe6e}</UniqueIdentifier>
    </Filter>
    <Filter Include="Game Resources">
      <UniqueIdentifier>{7fc2bbd4-6463-46d5-a522-100c6c6f5081}</UniqueIdentifier>
    </Filter>
    <Filter Include="Game Resources\Source Files">
      <UniqueIdentifier>{bb571333-0e39-4228-9bcf-2cd9b6ce035c}</UniqueIdentifier>
    </Filter>
    <Filter Include="Game Resources\Header Files">
      <UniqueIdentifier>{b2a19c73-49d1-4c97-905e-f563d25752d3}</UniqueIdentifier>
    </Filter>
  </ItemGroup>
  <ItemGroup>
    <ClCompile Include="main.cpp">
      <Filter>Source Files</Filter>
    </ClCompile>
    <ClCompile Include="status_bar.cpp">
      <Filter>Game Interface\Source Files</Filter>
    </ClCompile>
    <ClCompile Include="main_menu.cpp">
      <Filter>Game Interface\Source Files</Filter>
    </ClCompile>
    <ClCompile Include="event_manager.cpp">
      <Filter>Game Engine\Source Files</Filter>
    </ClCompile>
    <ClCompile Include="game_object.cpp">
      <Filter>Game Engine\Source Files</Filter>
    </ClCompile>
    <ClCompile Include="texture_loader.cpp">
      <Filter>Game Resources\Source Files</Filter>
    </ClCompile>
    <ClCompile Include="enemy.cpp">
      <Filter>Game Engine\Source Files</Filter>
    </ClCompile>
    <ClCompile Include="game.cpp">
      <Filter>Game Interface\Source Files</Filter>
    </ClCompile>
    <ClCompile Include="game_object_factory.cpp">
      <Filter>Game Engine\Source Files</Filter>
    </ClCompile>
    <ClCompile Include="tile_map.cpp">
      <Filter>Game Engine\Source Files</Filter>
    </ClCompile>
    <ClCompile Include="interaction_manager.cpp">
      <Filter>Game Engine\Source Files</Filter>
    </ClCompile>
    <ClCompile Include="player.cpp">
      <Filter>Game Engine\Source Files</Filter>
    </ClCompile>
    <ClCompile Include="keyboard_manager.cpp">
      <Filter>Game Engine\Source Files</Filter>
    </ClCompile>
    <ClCompile Include="coin.cpp">
      <Filter>Game Engine\Source Files</Filter>
    </ClCompile>
    <ClCompile Include="drawable.cpp">
      <Filter>Game Engine\Source Files</Filter>
    </ClCompile>
  </ItemGroup>
  <ItemGroup>
    <ClInclude Include="enemy.hpp">
      <Filter>Game Engine\Header Files</Filter>
    </ClInclude>
    <ClInclude Include="event_manager.hpp">
      <Filter>Game Engine\Header Files</Filter>
    </ClInclude>
    <ClInclude Include="game_object.hpp">
      <Filter>Game Engine\Header Files</Filter>
    </ClInclude>
    <ClInclude Include="game_object_factory.hpp">
      <Filter>Game Engine\Header Files</Filter>
    </ClInclude>
    <ClInclude Include="game.hpp">
      <Filter>Game Interface\Header Files</Filter>
    </ClInclude>
    <ClInclude Include="main_menu.hpp">
      <Filter>Game Interface\Header Files</Filter>
    </ClInclude>
    <ClInclude Include="status_bar.hpp">
      <Filter>Game Interface\Header Files</Filter>
    </ClInclude>
    <ClInclude Include="texture_loader.hpp">
      <Filter>Game Resources\Header Files</Filter>
    </ClInclude>
    <ClInclude Include="tile_map.hpp">
      <Filter>Game Engine\Header Files</Filter>
    </ClInclude>
    <ClInclude Include="interaction_manager.hpp">
      <Filter>Game Engine\Header Files</Filter>
    </ClInclude>
    <ClInclude Include="player.hpp">
      <Filter>Game Engine\Header Files</Filter>
    </ClInclude>
    <ClInclude Include="keyboard_manager.hpp">
      <Filter>Game Engine\Header Files</Filter>
    </ClInclude>
    <ClInclude Include="coin.hpp">
      <Filter>Game Engine\Header Files</Filter>
    </ClInclude>
    <ClInclude Include="game_specifications.hpp">
      <Filter>Game Engine\Header Files</Filter>
    </ClInclude>
    <ClInclude Include="drawable.hpp">
      <Filter>Game Engine\Header Files</Filter>
    </ClInclude>
  </ItemGroup>
</Project>