<?xml version="1.0" encoding="utf-8"?>
<Project ToolsVersion="4.0" xmlns="http://schemas.microsoft.com/developer/msbuild/2003">
  <ItemGroup>
    <Filter Include="Source Files">
      <UniqueIdentifier>{4FC737F1-C7A5-4376-A066-2A32D752A2FF}</UniqueIdentifier>
      <Extensions>cpp;c;cc;cxx;def;odl;idl;hpj;bat;asm;asmx</Extensions>
    </Filter>
    <Filter Include="Header Files">
      <UniqueIdentifier>{93995380-89BD-4b04-88EB-625FBE52EBFB}</UniqueIdentifier>
      <Extensions>h;hh;hpp;hxx;hm;inl;inc;ipp;xsd</Extensions>
    </Filter>
  </ItemGroup>
  <ItemGroup>
    <ClInclude Include="new.h">
      <Filter>Header Files</Filter>
    </ClInclude>
    <ClInclude Include="Girl.h">
      <Filter>Header Files</Filter>
    </ClInclude>
    <ClInclude Include="Boy.h">
      <Filter>Header Files</Filter>
    </ClInclude>
    <ClInclude Include="File.h">
      <Filter>Header Files</Filter>
    </ClInclude>
    <ClInclude Include="RichBoy.h">
      <Filter>Header Files</Filter>
    </ClInclude>
    <ClInclude Include="CowardGirl.h">
      <Filter>Header Files</Filter>
    </ClInclude>
    <ClInclude Include="SList.h">
      <Filter>Header Files</Filter>
    </ClInclude>
    <ClInclude Include="User.h">
      <Filter>Header Files</Filter>
    </ClInclude>
    <ClInclude Include="phrases.h">
      <Filter>Header Files</Filter>
    </ClInclude>
  </ItemGroup>
  <ItemGroup>
    <ClCompile Include="phrases.c">
      <Filter>Source Files</Filter>
    </ClCompile>
    <ClCompile Include="User.c">
      <Filter>Source Files</Filter>
    </ClCompile>
    <ClCompile Include="SList.c">
      <Filter>Source Files</Filter>
    </ClCompile>
    <ClCompile Include="RichBoy.c">
      <Filter>Source Files</Filter>
    </ClCompile>
    <ClCompile Include="new.c">
      <Filter>Source Files</Filter>
    </ClCompile>
    <ClCompile Include="main.c">
      <Filter>Source Files</Filter>
    </ClCompile>
    <ClCompile Include="Girl.c">
      <Filter>Source Files</Filter>
    </ClCompile>
    <ClCompile Include="File.c">
      <Filter>Source Files</Filter>
    </ClCompile>
    <ClCompile Include="CowardGirl.c">
      <Filter>Source Files</Filter>
    </ClCompile>
    <ClCompile Include="Boy.c">
      <Filter>Source Files</Filter>
    </ClCompile>
  </ItemGroup>
</Project>